
Microsoft Visual Studio Solution File, Format Version 12.00
# Visual Studio Version 17
VisualStudioVersion = 17.0.32112.339
MinimumVisualStudioVersion = 10.0.40219.1
Project("{9A19103F-16F7-4668-BE54-9A1E7A4F7556}") = "HelloWorldConsole", "HelloWorldConsole\HelloWorldConsole.csproj", "{D3E11096-9937-47FA-867B-3F2FBAF152BE}"
EndProject
Project("{9A19103F-16F7-4668-BE54-9A1E7A4F7556}") = "HelloWorldWinForm", "HelloWorldWinForm\HelloWorldWinForm.csproj", "{603CE1A6-193B-4731-AE4D-46DD6C6E01A9}"
EndProject
Project("{2150E333-8FDC-42A3-9474-1A3956D46DE8}") = "BAB_02", "BAB_02", "{14A500DE-D4B5-4093-9F40-9BBA76D9CF73}"
EndProject
Project("{9A19103F-16F7-4668-BE54-9A1E7A4F7556}") = "HelloLINQ", "HelloLINQ\HelloLINQ.csproj", "{D39B5763-BD36-4DB2-AB77-A0774CC3AAB4}"
EndProject
Project("{2150E333-8FDC-42A3-9474-1A3956D46DE8}") = "BAB_03", "BAB_03", "{988EC018-A8DD-4695-B836-307D99BDF374}"
EndProject
Project("{9A19103F-16F7-4668-BE54-9A1E7A4F7556}") = "Projection_01", "Projection_01\Projection_01.csproj", "{77CF947D-4D10-498C-A871-F90A9DE8FBE0}"
EndProject
Project("{9A19103F-16F7-4668-BE54-9A1E7A4F7556}") = "Projection_02", "Projection_02\Projection_02.csproj", "{DD6E2108-132C-42D5-B21B-D4B8D7B97603}"
EndProject
Project("{9A19103F-16F7-4668-BE54-9A1E7A4F7556}") = "Projection_03", "Projection_03\Projection_03.csproj", "{823F3082-4D54-47FD-A453-060912F4CD25}"
EndProject
Project("{9A19103F-16F7-4668-BE54-9A1E7A4F7556}") = "Projection_04", "Projection_04\Projection_04.csproj", "{D0206A5D-C23D-4BEC-8A22-2789FDE415A6}"
EndProject
Project("{9A19103F-16F7-4668-BE54-9A1E7A4F7556}") = "Projection_05", "Projection_05\Projection_05.csproj", "{59FCEC1B-3BFC-4977-AD44-0C138C347977}"
EndProject
Project("{FAE04EC0-301F-11D3-BF4B-00C04F79EFBC}") = "DataAccess", "DataAccess\DataAccess.csproj", "{B364CEF3-11D1-4274-B748-9746933AC564}"
EndProject
Global
	GlobalSection(SolutionConfigurationPlatforms) = preSolution
		Debug|Any CPU = Debug|Any CPU
		Release|Any CPU = Release|Any CPU
	EndGlobalSection
	GlobalSection(ProjectConfigurationPlatforms) = postSolution
		{D3E11096-9937-47FA-867B-3F2FBAF152BE}.Debug|Any CPU.ActiveCfg = Debug|Any CPU
		{D3E11096-9937-47FA-867B-3F2FBAF152BE}.Debug|Any CPU.Build.0 = Debug|Any CPU
		{D3E11096-9937-47FA-867B-3F2FBAF152BE}.Release|Any CPU.ActiveCfg = Release|Any CPU
		{D3E11096-9937-47FA-867B-3F2FBAF152BE}.Release|Any CPU.Build.0 = Release|Any CPU
		{603CE1A6-193B-4731-AE4D-46DD6C6E01A9}.Debug|Any CPU.ActiveCfg = Debug|Any CPU
		{603CE1A6-193B-4731-AE4D-46DD6C6E01A9}.Debug|Any CPU.Build.0 = Debug|Any CPU
		{603CE1A6-193B-4731-AE4D-46DD6C6E01A9}.Release|Any CPU.ActiveCfg = Release|Any CPU
		{603CE1A6-193B-4731-AE4D-46DD6C6E01A9}.Release|Any CPU.Build.0 = Release|Any CPU
		{D39B5763-BD36-4DB2-AB77-A0774CC3AAB4}.Debug|Any CPU.ActiveCfg = Debug|Any CPU
		{D39B5763-BD36-4DB2-AB77-A0774CC3AAB4}.Debug|Any CPU.Build.0 = Debug|Any CPU
		{D39B5763-BD36-4DB2-AB77-A0774CC3AAB4}.Release|Any CPU.ActiveCfg = Release|Any CPU
		{D39B5763-BD36-4DB2-AB77-A0774CC3AAB4}.Release|Any CPU.Build.0 = Release|Any CPU
		{77CF947D-4D10-498C-A871-F90A9DE8FBE0}.Debug|Any CPU.ActiveCfg = Debug|Any CPU
		{77CF947D-4D10-498C-A871-F90A9DE8FBE0}.Debug|Any CPU.Build.0 = Debug|Any CPU
		{77CF947D-4D10-498C-A871-F90A9DE8FBE0}.Release|Any CPU.ActiveCfg = Release|Any CPU
		{77CF947D-4D10-498C-A871-F90A9DE8FBE0}.Release|Any CPU.Build.0 = Release|Any CPU
		{DD6E2108-132C-42D5-B21B-D4B8D7B97603}.Debug|Any CPU.ActiveCfg = Debug|Any CPU
		{DD6E2108-132C-42D5-B21B-D4B8D7B97603}.Debug|Any CPU.Build.0 = Debug|Any CPU
		{DD6E2108-132C-42D5-B21B-D4B8D7B97603}.Release|Any CPU.ActiveCfg = Release|Any CPU
		{DD6E2108-132C-42D5-B21B-D4B8D7B97603}.Release|Any CPU.Build.0 = Release|Any CPU
		{823F3082-4D54-47FD-A453-060912F4CD25}.Debug|Any CPU.ActiveCfg = Debug|Any CPU
		{823F3082-4D54-47FD-A453-060912F4CD25}.Debug|Any CPU.Build.0 = Debug|Any CPU
		{823F3082-4D54-47FD-A453-060912F4CD25}.Release|Any CPU.ActiveCfg = Release|Any CPU
		{823F3082-4D54-47FD-A453-060912F4CD25}.Release|Any CPU.Build.0 = Release|Any CPU
		{D0206A5D-C23D-4BEC-8A22-2789FDE415A6}.Debug|Any CPU.ActiveCfg = Debug|Any CPU
		{D0206A5D-C23D-4BEC-8A22-2789FDE415A6}.Debug|Any CPU.Build.0 = Debug|Any CPU
		{D0206A5D-C23D-4BEC-8A22-2789FDE415A6}.Release|Any CPU.ActiveCfg = Release|Any CPU
		{D0206A5D-C23D-4BEC-8A22-2789FDE415A6}.Release|Any CPU.Build.0 = Release|Any CPU
		{59FCEC1B-3BFC-4977-AD44-0C138C347977}.Debug|Any CPU.ActiveCfg = Debug|Any CPU
		{59FCEC1B-3BFC-4977-AD44-0C138C347977}.Debug|Any CPU.Build.0 = Debug|Any CPU
		{59FCEC1B-3BFC-4977-AD44-0C138C347977}.Release|Any CPU.ActiveCfg = Release|Any CPU
		{59FCEC1B-3BFC-4977-AD44-0C138C347977}.Release|Any CPU.Build.0 = Release|Any CPU
		{B364CEF3-11D1-4274-B748-9746933AC564}.Debug|Any CPU.ActiveCfg = Debug|Any CPU
		{B364CEF3-11D1-4274-B748-9746933AC564}.Debug|Any CPU.Build.0 = Debug|Any CPU
		{B364CEF3-11D1-4274-B748-9746933AC564}.Release|Any CPU.ActiveCfg = Release|Any CPU
		{B364CEF3-11D1-4274-B748-9746933AC564}.Release|Any CPU.Build.0 = Release|Any CPU
	EndGlobalSection
	GlobalSection(SolutionProperties) = preSolution
		HideSolutionNode = FALSE
	EndGlobalSection
	GlobalSection(NestedProjects) = preSolution
		{D3E11096-9937-47FA-867B-3F2FBAF152BE} = {14A500DE-D4B5-4093-9F40-9BBA76D9CF73}
		{603CE1A6-193B-4731-AE4D-46DD6C6E01A9} = {14A500DE-D4B5-4093-9F40-9BBA76D9CF73}
		{D39B5763-BD36-4DB2-AB77-A0774CC3AAB4} = {14A500DE-D4B5-4093-9F40-9BBA76D9CF73}
		{77CF947D-4D10-498C-A871-F90A9DE8FBE0} = {988EC018-A8DD-4695-B836-307D99BDF374}
		{DD6E2108-132C-42D5-B21B-D4B8D7B97603} = {988EC018-A8DD-4695-B836-307D99BDF374}
		{823F3082-4D54-47FD-A453-060912F4CD25} = {988EC018-A8DD-4695-B836-307D99BDF374}
		{D0206A5D-C23D-4BEC-8A22-2789FDE415A6} = {988EC018-A8DD-4695-B836-307D99BDF374}
		{59FCEC1B-3BFC-4977-AD44-0C138C347977} = {988EC018-A8DD-4695-B836-307D99BDF374}
	EndGlobalSection
	GlobalSection(ExtensibilityGlobals) = postSolution
		SolutionGuid = {F122F43B-3EC3-4320-B5D5-A2447BA0C10C}
	EndGlobalSection
EndGlobal
